
Microsoft Visual Studio Solution File, Format Version 12.00
# Visual Studio Version 17
VisualStudioVersion = 17.4.33103.184
MinimumVisualStudioVersion = 10.0.40219.1
Project("{9A19103F-16F7-4668-BE54-9A1E7A4F7556}") = "ASPNETmvc", "ASPNETmvc\ASPNETmvc.csproj", "{F05BE707-ED40-4FC5-86CF-A15063AF8398}"
EndProject
Project("{9A19103F-16F7-4668-BE54-9A1E7A4F7556}") = "ASPNETBLL", "ASPNETBLL\ASPNETBLL.csproj", "{F3C87290-082C-42DA-97A8-572AAE46A993}"
EndProject
Project("{9A19103F-16F7-4668-BE54-9A1E7A4F7556}") = "ASPNETDAL", "ASPNETDAL\ASPNETDAL.csproj", "{B12B468C-CA1C-4A4F-8A24-B22F00499409}"
EndProject
Project("{9A19103F-16F7-4668-BE54-9A1E7A4F7556}") = "MSTestBLL", "MSTestBLL\MSTestBLL.csproj", "{47BAD419-9640-400B-AEE8-E80B16F9D203}"
EndProject
Project("{9A19103F-16F7-4668-BE54-9A1E7A4F7556}") = "NunitTest", "NunitTest\NunitTest.csproj", "{D5FF2925-DE13-400F-9EF2-B997842EF466}"
EndProject
Project("{FAE04EC0-301F-11D3-BF4B-00C04F79EFBC}") = "ASPNETapiapp", "ASPNETapiapp\ASPNETapiapp.csproj", "{67ABFF9C-B162-438F-9838-E9BB23D47805}"
EndProject
Global
	GlobalSection(SolutionConfigurationPlatforms) = preSolution
		Debug|Any CPU = Debug|Any CPU
		Release|Any CPU = Release|Any CPU
	EndGlobalSection
	GlobalSection(ProjectConfigurationPlatforms) = postSolution
		{F05BE707-ED40-4FC5-86CF-A15063AF8398}.Debug|Any CPU.ActiveCfg = Debug|Any CPU
		{F05BE707-ED40-4FC5-86CF-A15063AF8398}.Debug|Any CPU.Build.0 = Debug|Any CPU
		{F05BE707-ED40-4FC5-86CF-A15063AF8398}.Release|Any CPU.ActiveCfg = Release|Any CPU
		{F05BE707-ED40-4FC5-86CF-A15063AF8398}.Release|Any CPU.Build.0 = Release|Any CPU
		{F3C87290-082C-42DA-97A8-572AAE46A993}.Debug|Any CPU.ActiveCfg = Debug|Any CPU
		{F3C87290-082C-42DA-97A8-572AAE46A993}.Debug|Any CPU.Build.0 = Debug|Any CPU
		{F3C87290-082C-42DA-97A8-572AAE46A993}.Release|Any CPU.ActiveCfg = Release|Any CPU
		{F3C87290-082C-42DA-97A8-572AAE46A993}.Release|Any CPU.Build.0 = Release|Any CPU
		{B12B468C-CA1C-4A4F-8A24-B22F00499409}.Debug|Any CPU.ActiveCfg = Debug|Any CPU
		{B12B468C-CA1C-4A4F-8A24-B22F00499409}.Debug|Any CPU.Build.0 = Debug|Any CPU
		{B12B468C-CA1C-4A4F-8A24-B22F00499409}.Release|Any CPU.ActiveCfg = Release|Any CPU
		{B12B468C-CA1C-4A4F-8A24-B22F00499409}.Release|Any CPU.Build.0 = Release|Any CPU
		{47BAD419-9640-400B-AEE8-E80B16F9D203}.Debug|Any CPU.ActiveCfg = Debug|Any CPU
		{47BAD419-9640-400B-AEE8-E80B16F9D203}.Debug|Any CPU.Build.0 = Debug|Any CPU
		{47BAD419-9640-400B-AEE8-E80B16F9D203}.Release|Any CPU.ActiveCfg = Release|Any CPU
		{47BAD419-9640-400B-AEE8-E80B16F9D203}.Release|Any CPU.Build.0 = Release|Any CPU
		{D5FF2925-DE13-400F-9EF2-B997842EF466}.Debug|Any CPU.ActiveCfg = Debug|Any CPU
		{D5FF2925-DE13-400F-9EF2-B997842EF466}.Debug|Any CPU.Build.0 = Debug|Any CPU
		{D5FF2925-DE13-400F-9EF2-B997842EF466}.Release|Any CPU.ActiveCfg = Release|Any CPU
		{D5FF2925-DE13-400F-9EF2-B997842EF466}.Release|Any CPU.Build.0 = Release|Any CPU
		{67ABFF9C-B162-438F-9838-E9BB23D47805}.Debug|Any CPU.ActiveCfg = Debug|Any CPU
		{67ABFF9C-B162-438F-9838-E9BB23D47805}.Debug|Any CPU.Build.0 = Debug|Any CPU
		{67ABFF9C-B162-438F-9838-E9BB23D47805}.Release|Any CPU.ActiveCfg = Release|Any CPU
		{67ABFF9C-B162-438F-9838-E9BB23D47805}.Release|Any CPU.Build.0 = Release|Any CPU
	EndGlobalSection
	GlobalSection(SolutionProperties) = preSolution
		HideSolutionNode = FALSE
	EndGlobalSection
	GlobalSection(ExtensibilityGlobals) = postSolution
		SolutionGuid = {C336575C-A0B1-4AA3-942B-007386BD8EE1}
	EndGlobalSection
EndGlobal
